
Microsoft Visual Studio Solution File, Format Version 12.00
# Visual Studio 2012
Project("{D954291E-2A0B-460D-934E-DC6B0785DB48}") = "scripting.Shared", "scripting\scripting.Shared.shproj", "{C5A6BA80-96D7-48E9-8847-D1B9F50F2938}"
EndProject
Project("{FAE04EC0-301F-11D3-BF4B-00C04F79EFBC}") = "scripting.Droid", "Droid\scripting.Droid.csproj", "{39287967-C219-41AD-9DE6-F5A8D885B939}"
EndProject
Project("{FAE04EC0-301F-11D3-BF4B-00C04F79EFBC}") = "scripting.iOS", "iOS\scripting.iOS.csproj", "{67A58DA0-04AA-464F-971B-CFAE8F1F15D9}"
EndProject
Global
	GlobalSection(SolutionConfigurationPlatforms) = preSolution
		Debug|Any CPU = Debug|Any CPU
		Release|Any CPU = Release|Any CPU
		Debug|iPhoneSimulator = Debug|iPhoneSimulator
		Release|iPhone = Release|iPhone
		Release|iPhoneSimulator = Release|iPhoneSimulator
		Debug|iPhone = Debug|iPhone
	EndGlobalSection
	GlobalSection(ProjectConfigurationPlatforms) = postSolution
		{39287967-C219-41AD-9DE6-F5A8D885B939}.Debug|Any CPU.ActiveCfg = Debug|Any CPU
		{39287967-C219-41AD-9DE6-F5A8D885B939}.Debug|Any CPU.Build.0 = Debug|Any CPU
		{39287967-C219-41AD-9DE6-F5A8D885B939}.Release|Any CPU.ActiveCfg = Release|Any CPU
		{39287967-C219-41AD-9DE6-F5A8D885B939}.Release|Any CPU.Build.0 = Release|Any CPU
		{39287967-C219-41AD-9DE6-F5A8D885B939}.Debug|iPhoneSimulator.ActiveCfg = Debug|Any CPU
		{39287967-C219-41AD-9DE6-F5A8D885B939}.Debug|iPhoneSimulator.Build.0 = Debug|Any CPU
		{39287967-C219-41AD-9DE6-F5A8D885B939}.Release|iPhone.ActiveCfg = Release|Any CPU
		{39287967-C219-41AD-9DE6-F5A8D885B939}.Release|iPhone.Build.0 = Release|Any CPU
		{39287967-C219-41AD-9DE6-F5A8D885B939}.Release|iPhoneSimulator.ActiveCfg = Release|Any CPU
		{39287967-C219-41AD-9DE6-F5A8D885B939}.Release|iPhoneSimulator.Build.0 = Release|Any CPU
		{39287967-C219-41AD-9DE6-F5A8D885B939}.Debug|iPhone.ActiveCfg = Debug|Any CPU
		{39287967-C219-41AD-9DE6-F5A8D885B939}.Debug|iPhone.Build.0 = Debug|Any CPU
		{67A58DA0-04AA-464F-971B-CFAE8F1F15D9}.Debug|Any CPU.ActiveCfg = Debug|iPhoneSimulator
		{67A58DA0-04AA-464F-971B-CFAE8F1F15D9}.Debug|Any CPU.Build.0 = Debug|iPhoneSimulator
		{67A58DA0-04AA-464F-971B-CFAE8F1F15D9}.Release|Any CPU.ActiveCfg = Release|iPhone
		{67A58DA0-04AA-464F-971B-CFAE8F1F15D9}.Release|Any CPU.Build.0 = Release|iPhone
		{67A58DA0-04AA-464F-971B-CFAE8F1F15D9}.Debug|iPhoneSimulator.ActiveCfg = Debug|iPhoneSimulator
		{67A58DA0-04AA-464F-971B-CFAE8F1F15D9}.Debug|iPhoneSimulator.Build.0 = Debug|iPhoneSimulator
		{67A58DA0-04AA-464F-971B-CFAE8F1F15D9}.Release|iPhone.ActiveCfg = Release|iPhone
		{67A58DA0-04AA-464F-971B-CFAE8F1F15D9}.Release|iPhone.Build.0 = Release|iPhone
		{67A58DA0-04AA-464F-971B-CFAE8F1F15D9}.Release|iPhoneSimulator.ActiveCfg = Release|iPhoneSimulator
		{67A58DA0-04AA-464F-971B-CFAE8F1F15D9}.Release|iPhoneSimulator.Build.0 = Release|iPhoneSimulator
		{67A58DA0-04AA-464F-971B-CFAE8F1F15D9}.Debug|iPhone.ActiveCfg = Debug|iPhone
		{67A58DA0-04AA-464F-971B-CFAE8F1F15D9}.Debug|iPhone.Build.0 = Debug|iPhone
	EndGlobalSection
EndGlobal
