
Microsoft Visual Studio Solution File, Format Version 12.00
# Visual Studio 15
Project("{FAE04EC0-301F-11D3-BF4B-00C04F79EFBC}") = "scripting.Droid", "scripting.Droid.csproj", "{39287967-C219-41AD-9DE6-F5A8D885B939}"
EndProject
Global
	GlobalSection(SolutionConfigurationPlatforms) = preSolution
		Debug|Any CPU = Debug|Any CPU
		Release|Any CPU = Release|Any CPU
	EndGlobalSection
	GlobalSection(ProjectConfigurationPlatforms) = postSolution
		{39287967-C219-41AD-9DE6-F5A8D885B939}.Debug|Any CPU.ActiveCfg = Debug|Any CPU
		{39287967-C219-41AD-9DE6-F5A8D885B939}.Debug|Any CPU.Build.0 = Debug|Any CPU
		{39287967-C219-41AD-9DE6-F5A8D885B939}.Release|Any CPU.ActiveCfg = Release|Any CPU
		{39287967-C219-41AD-9DE6-F5A8D885B939}.Release|Any CPU.Build.0 = Release|Any CPU
	EndGlobalSection
EndGlobal
